
Microsoft Visual Studio Solution File, Format Version 12.00
# Visual Studio Version 17
VisualStudioVersion = 17.10.35013.160
MinimumVisualStudioVersion = 10.0.40219.1
Project("{FAE04EC0-301F-11D3-BF4B-00C04F79EFBC}") = "If Statements", "If Statements\If Statements.csproj", "{D478D8B7-CD43-4040-9CA7-1D1C6537DCAD}"
EndProject
Global
	GlobalSection(SolutionConfigurationPlatforms) = preSolution
		Debug|Any CPU = Debug|Any CPU
		Release|Any CPU = Release|Any CPU
	EndGlobalSection
	GlobalSection(ProjectConfigurationPlatforms) = postSolution
		{D478D8B7-CD43-4040-9CA7-1D1C6537DCAD}.Debug|Any CPU.ActiveCfg = Debug|Any CPU
		{D478D8B7-CD43-4040-9CA7-1D1C6537DCAD}.Debug|Any CPU.Build.0 = Debug|Any CPU
		{D478D8B7-CD43-4040-9CA7-1D1C6537DCAD}.Release|Any CPU.ActiveCfg = Release|Any CPU
		{D478D8B7-CD43-4040-9CA7-1D1C6537DCAD}.Release|Any CPU.Build.0 = Release|Any CPU
	EndGlobalSection
	GlobalSection(SolutionProperties) = preSolution
		HideSolutionNode = FALSE
	EndGlobalSection
	GlobalSection(ExtensibilityGlobals) = postSolution
		SolutionGuid = {CF9394ED-F0A9-4CCA-BCFE-AB5B5949FF93}
	EndGlobalSection
EndGlobal
